// !$*UTF8*$!
{
	archiveVersion = 1;
	classes = {
	};
	objectVersion = 46;
	objects = {

/* Begin PBXBuildFile section */
		5404DA6F1C0D4FFB007D7E64 /* AppDelegate.swift in Sources */ = {isa = PBXBuildFile; fileRef = 5404DA6E1C0D4FFB007D7E64 /* AppDelegate.swift */; };
		5404DA761C0D4FFB007D7E64 /* Assets.xcassets in Resources */ = {isa = PBXBuildFile; fileRef = 5404DA751C0D4FFB007D7E64 /* Assets.xcassets */; };
		5404DA791C0D4FFB007D7E64 /* LaunchScreen.storyboard in Resources */ = {isa = PBXBuildFile; fileRef = 5404DA771C0D4FFB007D7E64 /* LaunchScreen.storyboard */; };
		5404DA8A1C0D5231007D7E64 /* NetworkController.swift in Sources */ = {isa = PBXBuildFile; fileRef = 5404DA891C0D5231007D7E64 /* NetworkController.swift */; };
		5404DA8C1C0D5284007D7E64 /* Player.swift in Sources */ = {isa = PBXBuildFile; fileRef = 5404DA8B1C0D5284007D7E64 /* Player.swift */; };
		5404DA8E1C0D528E007D7E64 /* CurrentGame.swift in Sources */ = {isa = PBXBuildFile; fileRef = 5404DA8D1C0D528E007D7E64 /* CurrentGame.swift */; };
		5404DA901C0D5295007D7E64 /* PastGame.swift in Sources */ = {isa = PBXBuildFile; fileRef = 5404DA8F1C0D5295007D7E64 /* PastGame.swift */; };
		54157D221C21C71B00F9440C /* Main.storyboard in Resources */ = {isa = PBXBuildFile; fileRef = 54157D211C21C71B00F9440C /* Main.storyboard */; };
		54157D261C23294800F9440C /* CurrGameViewController.swift in Sources */ = {isa = PBXBuildFile; fileRef = 54157D251C23294800F9440C /* CurrGameViewController.swift */; };
		54157D2A1C232B7100F9440C /* CurrGamePlayerCollectionViewCell.swift in Sources */ = {isa = PBXBuildFile; fileRef = 54157D291C232B7100F9440C /* CurrGamePlayerCollectionViewCell.swift */; };
		541EA2D81C9C9097008B2172 /* Sprite.swift in Sources */ = {isa = PBXBuildFile; fileRef = 541EA2D71C9C9097008B2172 /* Sprite.swift */; };
		541EA2DA1C9C9A20008B2172 /* ImageController.swift in Sources */ = {isa = PBXBuildFile; fileRef = 541EA2D91C9C9A20008B2172 /* ImageController.swift */; };
		542758541C1F3ABF009B7A9F /* Stats.swift in Sources */ = {isa = PBXBuildFile; fileRef = 542758531C1F3ABF009B7A9F /* Stats.swift */; };
		5436CC401C10E15300B30F08 /* TeamController.swift in Sources */ = {isa = PBXBuildFile; fileRef = 5436CC3F1C10E15300B30F08 /* TeamController.swift */; };
		543771441C15D9C7009F2E4F /* SwiftyJSON.swift in Sources */ = {isa = PBXBuildFile; fileRef = 543771431C15D9C7009F2E4F /* SwiftyJSON.swift */; };
		5444D4C41C154430005320EF /* PlayerController.swift in Sources */ = {isa = PBXBuildFile; fileRef = 5444D4C31C154430005320EF /* PlayerController.swift */; };
		54509D581C3CD3F200EFCBFC /* RankSolo.swift in Sources */ = {isa = PBXBuildFile; fileRef = 54509D571C3CD3F200EFCBFC /* RankSolo.swift */; };
		546941541C1E579C00EFDDF5 /* PastGameController.swift in Sources */ = {isa = PBXBuildFile; fileRef = 546941531C1E579C00EFDDF5 /* PastGameController.swift */; };
		546941561C1E623700EFDDF5 /* PastPlayer.swift in Sources */ = {isa = PBXBuildFile; fileRef = 546941551C1E623700EFDDF5 /* PastPlayer.swift */; };
		546DDBF11C4816AA00599D8A /* Security.framework in Frameworks */ = {isa = PBXBuildFile; fileRef = 546DDBF01C4816AA00599D8A /* Security.framework */; };
		546DDBF31C4816B100599D8A /* SystemConfiguration.framework in Frameworks */ = {isa = PBXBuildFile; fileRef = 546DDBF21C4816B100599D8A /* SystemConfiguration.framework */; };
		546DDBF51C4816B600599D8A /* CFNetwork.framework in Frameworks */ = {isa = PBXBuildFile; fileRef = 546DDBF41C4816B600599D8A /* CFNetwork.framework */; };
		5476E4EB1CB5DFBF008FB497 /* CurrGameTeamCollectionReusableView.swift in Sources */ = {isa = PBXBuildFile; fileRef = 5476E4EA1CB5DFBF008FB497 /* CurrGameTeamCollectionReusableView.swift */; };
		54B2720C1C17961E0090A47A /* CurrentGameController.swift in Sources */ = {isa = PBXBuildFile; fileRef = 54B2720B1C17961E0090A47A /* CurrentGameController.swift */; };
		54B272101C179E6F0090A47A /* Participant.swift in Sources */ = {isa = PBXBuildFile; fileRef = 54B2720F1C179E6F0090A47A /* Participant.swift */; };
		54B606C61C24A841003A6AC1 /* PlayerDetailTableViewCell.swift in Sources */ = {isa = PBXBuildFile; fileRef = 54B606C51C24A841003A6AC1 /* PlayerDetailTableViewCell.swift */; };
		54D40B731C0E9A0900B0AD4F /* RankedGame.swift in Sources */ = {isa = PBXBuildFile; fileRef = 54D40B721C0E9A0900B0AD4F /* RankedGame.swift */; };
		54D40B751C0F507700B0AD4F /* SearchViewController.swift in Sources */ = {isa = PBXBuildFile; fileRef = 54D40B741C0F507700B0AD4F /* SearchViewController.swift */; };
		54D40B791C0F50AE00B0AD4F /* PlayerDetailViewController.swift in Sources */ = {isa = PBXBuildFile; fileRef = 54D40B781C0F50AE00B0AD4F /* PlayerDetailViewController.swift */; };
		54DA7D9D1C4816E400266809 /* Firebase.framework in Frameworks */ = {isa = PBXBuildFile; fileRef = 54DA7D9C1C4816E400266809 /* Firebase.framework */; };
		54DA7D9F1C4816EC00266809 /* libicucore.tbd in Frameworks */ = {isa = PBXBuildFile; fileRef = 54DA7D9E1C4816EC00266809 /* libicucore.tbd */; };
		54DA7DA11C4816F300266809 /* libc++.tbd in Frameworks */ = {isa = PBXBuildFile; fileRef = 54DA7DA01C4816F300266809 /* libc++.tbd */; };
		54DA7DA31C48189000266809 /* FireBaseController.swift in Sources */ = {isa = PBXBuildFile; fileRef = 54DA7DA21C48189000266809 /* FireBaseController.swift */; };
		54DA7DA51C48215300266809 /* Reachability.swift in Sources */ = {isa = PBXBuildFile; fileRef = 54DA7DA41C48215300266809 /* Reachability.swift */; };
/* End PBXBuildFile section */

/* Begin PBXFileReference section */
		5404DA6B1C0D4FFB007D7E64 /* lolstreaks.app */ = {isa = PBXFileReference; explicitFileType = wrapper.application; includeInIndex = 0; path = lolstreaks.app; sourceTree = BUILT_PRODUCTS_DIR; };
		5404DA6E1C0D4FFB007D7E64 /* AppDelegate.swift */ = {isa = PBXFileReference; lastKnownFileType = sourcecode.swift; path = AppDelegate.swift; sourceTree = "<group>"; };
		5404DA751C0D4FFB007D7E64 /* Assets.xcassets */ = {isa = PBXFileReference; lastKnownFileType = folder.assetcatalog; path = Assets.xcassets; sourceTree = "<group>"; };
		5404DA781C0D4FFB007D7E64 /* Base */ = {isa = PBXFileReference; lastKnownFileType = file.storyboard; name = Base; path = Base.lproj/LaunchScreen.storyboard; sourceTree = "<group>"; };
		5404DA7A1C0D4FFB007D7E64 /* Info.plist */ = {isa = PBXFileReference; lastKnownFileType = text.plist.xml; path = Info.plist; sourceTree = "<group>"; };
		5404DA891C0D5231007D7E64 /* NetworkController.swift */ = {isa = PBXFileReference; fileEncoding = 4; lastKnownFileType = sourcecode.swift; name = NetworkController.swift; path = ../NetworkController.swift; sourceTree = "<group>"; };
		5404DA8B1C0D5284007D7E64 /* Player.swift */ = {isa = PBXFileReference; fileEncoding = 4; lastKnownFileType = sourcecode.swift; name = Player.swift; path = ../Player.swift; sourceTree = "<group>"; };
		5404DA8D1C0D528E007D7E64 /* CurrentGame.swift */ = {isa = PBXFileReference; fileEncoding = 4; lastKnownFileType = sourcecode.swift; name = CurrentGame.swift; path = ../CurrentGame.swift; sourceTree = "<group>"; };
		5404DA8F1C0D5295007D7E64 /* PastGame.swift */ = {isa = PBXFileReference; fileEncoding = 4; lastKnownFileType = sourcecode.swift; name = PastGame.swift; path = ../PastGame.swift; sourceTree = "<group>"; };
		54157D211C21C71B00F9440C /* Main.storyboard */ = {isa = PBXFileReference; fileEncoding = 4; lastKnownFileType = file.storyboard; path = Main.storyboard; sourceTree = "<group>"; };
		54157D251C23294800F9440C /* CurrGameViewController.swift */ = {isa = PBXFileReference; fileEncoding = 4; lastKnownFileType = sourcecode.swift; path = CurrGameViewController.swift; sourceTree = "<group>"; };
		54157D291C232B7100F9440C /* CurrGamePlayerCollectionViewCell.swift */ = {isa = PBXFileReference; fileEncoding = 4; lastKnownFileType = sourcecode.swift; name = CurrGamePlayerCollectionViewCell.swift; path = ../CurrGamePlayerCollectionViewCell.swift; sourceTree = "<group>"; };
		541EA2D71C9C9097008B2172 /* Sprite.swift */ = {isa = PBXFileReference; fileEncoding = 4; lastKnownFileType = sourcecode.swift; path = Sprite.swift; sourceTree = "<group>"; };
		541EA2D91C9C9A20008B2172 /* ImageController.swift */ = {isa = PBXFileReference; fileEncoding = 4; lastKnownFileType = sourcecode.swift; path = ImageController.swift; sourceTree = "<group>"; };
		542758531C1F3ABF009B7A9F /* Stats.swift */ = {isa = PBXFileReference; fileEncoding = 4; lastKnownFileType = sourcecode.swift; path = Stats.swift; sourceTree = "<group>"; };
		5436CC3F1C10E15300B30F08 /* TeamController.swift */ = {isa = PBXFileReference; fileEncoding = 4; lastKnownFileType = sourcecode.swift; path = TeamController.swift; sourceTree = "<group>"; };
		543771431C15D9C7009F2E4F /* SwiftyJSON.swift */ = {isa = PBXFileReference; fileEncoding = 4; lastKnownFileType = sourcecode.swift; path = SwiftyJSON.swift; sourceTree = "<group>"; };
		5444D4C31C154430005320EF /* PlayerController.swift */ = {isa = PBXFileReference; fileEncoding = 4; lastKnownFileType = sourcecode.swift; name = PlayerController.swift; path = ../PlayerController.swift; sourceTree = "<group>"; };
		54509D571C3CD3F200EFCBFC /* RankSolo.swift */ = {isa = PBXFileReference; fileEncoding = 4; lastKnownFileType = sourcecode.swift; path = RankSolo.swift; sourceTree = "<group>"; };
		546941531C1E579C00EFDDF5 /* PastGameController.swift */ = {isa = PBXFileReference; fileEncoding = 4; lastKnownFileType = sourcecode.swift; path = PastGameController.swift; sourceTree = "<group>"; };
		546941551C1E623700EFDDF5 /* PastPlayer.swift */ = {isa = PBXFileReference; fileEncoding = 4; lastKnownFileType = sourcecode.swift; path = PastPlayer.swift; sourceTree = "<group>"; };
		546DDBF01C4816AA00599D8A /* Security.framework */ = {isa = PBXFileReference; lastKnownFileType = wrapper.framework; name = Security.framework; path = System/Library/Frameworks/Security.framework; sourceTree = SDKROOT; };
		546DDBF21C4816B100599D8A /* SystemConfiguration.framework */ = {isa = PBXFileReference; lastKnownFileType = wrapper.framework; name = SystemConfiguration.framework; path = System/Library/Frameworks/SystemConfiguration.framework; sourceTree = SDKROOT; };
		546DDBF41C4816B600599D8A /* CFNetwork.framework */ = {isa = PBXFileReference; lastKnownFileType = wrapper.framework; name = CFNetwork.framework; path = System/Library/Frameworks/CFNetwork.framework; sourceTree = SDKROOT; };
		5476E4EA1CB5DFBF008FB497 /* CurrGameTeamCollectionReusableView.swift */ = {isa = PBXFileReference; fileEncoding = 4; lastKnownFileType = sourcecode.swift; path = CurrGameTeamCollectionReusableView.swift; sourceTree = "<group>"; };
		54B2720B1C17961E0090A47A /* CurrentGameController.swift */ = {isa = PBXFileReference; fileEncoding = 4; lastKnownFileType = sourcecode.swift; path = CurrentGameController.swift; sourceTree = "<group>"; };
		54B2720F1C179E6F0090A47A /* Participant.swift */ = {isa = PBXFileReference; fileEncoding = 4; lastKnownFileType = sourcecode.swift; name = Participant.swift; path = ../Participant.swift; sourceTree = "<group>"; };
		54B606C51C24A841003A6AC1 /* PlayerDetailTableViewCell.swift */ = {isa = PBXFileReference; fileEncoding = 4; lastKnownFileType = sourcecode.swift; path = PlayerDetailTableViewCell.swift; sourceTree = "<group>"; };
		54D40B721C0E9A0900B0AD4F /* RankedGame.swift */ = {isa = PBXFileReference; fileEncoding = 4; lastKnownFileType = sourcecode.swift; path = RankedGame.swift; sourceTree = "<group>"; };
		54D40B741C0F507700B0AD4F /* SearchViewController.swift */ = {isa = PBXFileReference; fileEncoding = 4; lastKnownFileType = sourcecode.swift; path = SearchViewController.swift; sourceTree = "<group>"; };
		54D40B781C0F50AE00B0AD4F /* PlayerDetailViewController.swift */ = {isa = PBXFileReference; fileEncoding = 4; lastKnownFileType = sourcecode.swift; path = PlayerDetailViewController.swift; sourceTree = "<group>"; };
		54DA7D9C1C4816E400266809 /* Firebase.framework */ = {isa = PBXFileReference; lastKnownFileType = wrapper.framework; path = Firebase.framework; sourceTree = "<group>"; };
		54DA7D9E1C4816EC00266809 /* libicucore.tbd */ = {isa = PBXFileReference; lastKnownFileType = "sourcecode.text-based-dylib-definition"; name = libicucore.tbd; path = usr/lib/libicucore.tbd; sourceTree = SDKROOT; };
		54DA7DA01C4816F300266809 /* libc++.tbd */ = {isa = PBXFileReference; lastKnownFileType = "sourcecode.text-based-dylib-definition"; name = "libc++.tbd"; path = "usr/lib/libc++.tbd"; sourceTree = SDKROOT; };
		54DA7DA21C48189000266809 /* FireBaseController.swift */ = {isa = PBXFileReference; fileEncoding = 4; lastKnownFileType = sourcecode.swift; path = FireBaseController.swift; sourceTree = "<group>"; };
		54DA7DA41C48215300266809 /* Reachability.swift */ = {isa = PBXFileReference; fileEncoding = 4; lastKnownFileType = sourcecode.swift; path = Reachability.swift; sourceTree = "<group>"; };
/* End PBXFileReference section */

/* Begin PBXFrameworksBuildPhase section */
		5404DA681C0D4FFB007D7E64 /* Frameworks */ = {
			isa = PBXFrameworksBuildPhase;
			buildActionMask = 2147483647;
			files = (
				54DA7DA11C4816F300266809 /* libc++.tbd in Frameworks */,
				54DA7D9F1C4816EC00266809 /* libicucore.tbd in Frameworks */,
				54DA7D9D1C4816E400266809 /* Firebase.framework in Frameworks */,
				546DDBF51C4816B600599D8A /* CFNetwork.framework in Frameworks */,
				546DDBF31C4816B100599D8A /* SystemConfiguration.framework in Frameworks */,
				546DDBF11C4816AA00599D8A /* Security.framework in Frameworks */,
			);
			runOnlyForDeploymentPostprocessing = 0;
		};
/* End PBXFrameworksBuildPhase section */

/* Begin PBXGroup section */
		5404DA621C0D4FFB007D7E64 = {
			isa = PBXGroup;
			children = (
				54DA7DA01C4816F300266809 /* libc++.tbd */,
				54DA7D9E1C4816EC00266809 /* libicucore.tbd */,
				54DA7D9C1C4816E400266809 /* Firebase.framework */,
				546DDBF41C4816B600599D8A /* CFNetwork.framework */,
				546DDBF21C4816B100599D8A /* SystemConfiguration.framework */,
				546DDBF01C4816AA00599D8A /* Security.framework */,
				5404DA821C0D50B3007D7E64 /* Model */,
				54D40BA01C0FA71F00B0AD4F /* ModelController */,
				54D40B7A1C0F50BA00B0AD4F /* ViewControllers */,
				5404DA6D1C0D4FFB007D7E64 /* lolstreaks */,
				5404DA6C1C0D4FFB007D7E64 /* Products */,
			);
			sourceTree = "<group>";
		};
		5404DA6C1C0D4FFB007D7E64 /* Products */ = {
			isa = PBXGroup;
			children = (
				5404DA6B1C0D4FFB007D7E64 /* lolstreaks.app */,
			);
			name = Products;
			sourceTree = "<group>";
		};
		5404DA6D1C0D4FFB007D7E64 /* lolstreaks */ = {
			isa = PBXGroup;
			children = (
				54DA7DA41C48215300266809 /* Reachability.swift */,
				54157D211C21C71B00F9440C /* Main.storyboard */,
				543771431C15D9C7009F2E4F /* SwiftyJSON.swift */,
				5404DA891C0D5231007D7E64 /* NetworkController.swift */,
				5404DA6E1C0D4FFB007D7E64 /* AppDelegate.swift */,
				5404DA751C0D4FFB007D7E64 /* Assets.xcassets */,
				5404DA771C0D4FFB007D7E64 /* LaunchScreen.storyboard */,
				5404DA7A1C0D4FFB007D7E64 /* Info.plist */,
				54DA7DA21C48189000266809 /* FireBaseController.swift */,
			);
			path = lolstreaks;
			sourceTree = "<group>";
		};
		5404DA821C0D50B3007D7E64 /* Model */ = {
			isa = PBXGroup;
			children = (
				5404DA8B1C0D5284007D7E64 /* Player.swift */,
				54B2720F1C179E6F0090A47A /* Participant.swift */,
				5404DA8D1C0D528E007D7E64 /* CurrentGame.swift */,
				541EA2D71C9C9097008B2172 /* Sprite.swift */,
				5404DA8F1C0D5295007D7E64 /* PastGame.swift */,
				546941551C1E623700EFDDF5 /* PastPlayer.swift */,
				542758531C1F3ABF009B7A9F /* Stats.swift */,
				54D40B721C0E9A0900B0AD4F /* RankedGame.swift */,
				54509D571C3CD3F200EFCBFC /* RankSolo.swift */,
			);
			name = Model;
			path = lolstreaks;
			sourceTree = "<group>";
		};
		54D40B7A1C0F50BA00B0AD4F /* ViewControllers */ = {
			isa = PBXGroup;
			children = (
				54D40B741C0F507700B0AD4F /* SearchViewController.swift */,
				54157D251C23294800F9440C /* CurrGameViewController.swift */,
				54157D291C232B7100F9440C /* CurrGamePlayerCollectionViewCell.swift */,
				5476E4EA1CB5DFBF008FB497 /* CurrGameTeamCollectionReusableView.swift */,
				54D40B781C0F50AE00B0AD4F /* PlayerDetailViewController.swift */,
				54B606C51C24A841003A6AC1 /* PlayerDetailTableViewCell.swift */,
			);
			name = ViewControllers;
			path = lolstreaks;
			sourceTree = "<group>";
		};
		54D40BA01C0FA71F00B0AD4F /* ModelController */ = {
			isa = PBXGroup;
			children = (
				5444D4C31C154430005320EF /* PlayerController.swift */,
				541EA2D91C9C9A20008B2172 /* ImageController.swift */,
				54B2720B1C17961E0090A47A /* CurrentGameController.swift */,
				546941531C1E579C00EFDDF5 /* PastGameController.swift */,
				5436CC3F1C10E15300B30F08 /* TeamController.swift */,
			);
			name = ModelController;
			path = lolstreaks;
			sourceTree = "<group>";
		};
/* End PBXGroup section */

/* Begin PBXNativeTarget section */
		5404DA6A1C0D4FFB007D7E64 /* lolstreaks */ = {
			isa = PBXNativeTarget;
			buildConfigurationList = 5404DA7D1C0D4FFB007D7E64 /* Build configuration list for PBXNativeTarget "lolstreaks" */;
			buildPhases = (
				5404DA671C0D4FFB007D7E64 /* Sources */,
				5404DA681C0D4FFB007D7E64 /* Frameworks */,
				5404DA691C0D4FFB007D7E64 /* Resources */,
			);
			buildRules = (
			);
			dependencies = (
			);
			name = lolstreaks;
			productName = lolstreaks;
			productReference = 5404DA6B1C0D4FFB007D7E64 /* lolstreaks.app */;
			productType = "com.apple.product-type.application";
		};
/* End PBXNativeTarget section */

/* Begin PBXProject section */
		5404DA631C0D4FFB007D7E64 /* Project object */ = {
			isa = PBXProject;
			attributes = {
				LastSwiftUpdateCheck = 0710;
				LastUpgradeCheck = 0710;
				ORGANIZATIONNAME = "Sean Chang";
				TargetAttributes = {
					5404DA6A1C0D4FFB007D7E64 = {
						CreatedOnToolsVersion = 7.1;
						DevelopmentTeam = K8W2CVNFJR;
					};
				};
			};
			buildConfigurationList = 5404DA661C0D4FFB007D7E64 /* Build configuration list for PBXProject "lolstreaks" */;
			compatibilityVersion = "Xcode 3.2";
			developmentRegion = English;
			hasScannedForEncodings = 0;
			knownRegions = (
				en,
				Base,
			);
			mainGroup = 5404DA621C0D4FFB007D7E64;
			productRefGroup = 5404DA6C1C0D4FFB007D7E64 /* Products */;
			projectDirPath = "";
			projectRoot = "";
			targets = (
				5404DA6A1C0D4FFB007D7E64 /* lolstreaks */,
			);
		};
/* End PBXProject section */

/* Begin PBXResourcesBuildPhase section */
		5404DA691C0D4FFB007D7E64 /* Resources */ = {
			isa = PBXResourcesBuildPhase;
			buildActionMask = 2147483647;
			files = (
				5404DA791C0D4FFB007D7E64 /* LaunchScreen.storyboard in Resources */,
				5404DA761C0D4FFB007D7E64 /* Assets.xcassets in Resources */,
				54157D221C21C71B00F9440C /* Main.storyboard in Resources */,
			);
			runOnlyForDeploymentPostprocessing = 0;
		};
/* End PBXResourcesBuildPhase section */

/* Begin PBXSourcesBuildPhase section */
		5404DA671C0D4FFB007D7E64 /* Sources */ = {
			isa = PBXSourcesBuildPhase;
			buildActionMask = 2147483647;
			files = (
				54157D261C23294800F9440C /* CurrGameViewController.swift in Sources */,
				546941561C1E623700EFDDF5 /* PastPlayer.swift in Sources */,
				546941541C1E579C00EFDDF5 /* PastGameController.swift in Sources */,
				5404DA8C1C0D5284007D7E64 /* Player.swift in Sources */,
				5404DA901C0D5295007D7E64 /* PastGame.swift in Sources */,
				542758541C1F3ABF009B7A9F /* Stats.swift in Sources */,
				54D40B751C0F507700B0AD4F /* SearchViewController.swift in Sources */,
				54B606C61C24A841003A6AC1 /* PlayerDetailTableViewCell.swift in Sources */,
				543771441C15D9C7009F2E4F /* SwiftyJSON.swift in Sources */,
				5404DA8E1C0D528E007D7E64 /* CurrentGame.swift in Sources */,
				54D40B731C0E9A0900B0AD4F /* RankedGame.swift in Sources */,
				5444D4C41C154430005320EF /* PlayerController.swift in Sources */,
				541EA2D81C9C9097008B2172 /* Sprite.swift in Sources */,
				5404DA6F1C0D4FFB007D7E64 /* AppDelegate.swift in Sources */,
				54D40B791C0F50AE00B0AD4F /* PlayerDetailViewController.swift in Sources */,
				54DA7DA31C48189000266809 /* FireBaseController.swift in Sources */,
				54B272101C179E6F0090A47A /* Participant.swift in Sources */,
				54157D2A1C232B7100F9440C /* CurrGamePlayerCollectionViewCell.swift in Sources */,
				54B2720C1C17961E0090A47A /* CurrentGameController.swift in Sources */,
				54DA7DA51C48215300266809 /* Reachability.swift in Sources */,
				5436CC401C10E15300B30F08 /* TeamController.swift in Sources */,
				54509D581C3CD3F200EFCBFC /* RankSolo.swift in Sources */,
				5404DA8A1C0D5231007D7E64 /* NetworkController.swift in Sources */,
				5476E4EB1CB5DFBF008FB497 /* CurrGameTeamCollectionReusableView.swift in Sources */,
				541EA2DA1C9C9A20008B2172 /* ImageController.swift in Sources */,
			);
			runOnlyForDeploymentPostprocessing = 0;
		};
/* End PBXSourcesBuildPhase section */

/* Begin PBXVariantGroup section */
		5404DA771C0D4FFB007D7E64 /* LaunchScreen.storyboard */ = {
			isa = PBXVariantGroup;
			children = (
				5404DA781C0D4FFB007D7E64 /* Base */,
			);
			name = LaunchScreen.storyboard;
			sourceTree = "<group>";
		};
/* End PBXVariantGroup section */

/* Begin XCBuildConfiguration section */
		5404DA7B1C0D4FFB007D7E64 /* Debug */ = {
			isa = XCBuildConfiguration;
			buildSettings = {
				ALWAYS_SEARCH_USER_PATHS = NO;
				CLANG_CXX_LANGUAGE_STANDARD = "gnu++0x";
				CLANG_CXX_LIBRARY = "libc++";
				CLANG_ENABLE_MODULES = YES;
				CLANG_ENABLE_OBJC_ARC = YES;
				CLANG_WARN_BOOL_CONVERSION = YES;
				CLANG_WARN_CONSTANT_CONVERSION = YES;
				CLANG_WARN_DIRECT_OBJC_ISA_USAGE = YES_ERROR;
				CLANG_WARN_EMPTY_BODY = YES;
				CLANG_WARN_ENUM_CONVERSION = YES;
				CLANG_WARN_INT_CONVERSION = YES;
				CLANG_WARN_OBJC_ROOT_CLASS = YES_ERROR;
				CLANG_WARN_UNREACHABLE_CODE = YES;
				CLANG_WARN__DUPLICATE_METHOD_MATCH = YES;
				"CODE_SIGN_IDENTITY[sdk=iphoneos*]" = "iPhone Developer";
				COPY_PHASE_STRIP = NO;
				DEBUG_INFORMATION_FORMAT = dwarf;
				ENABLE_STRICT_OBJC_MSGSEND = YES;
				ENABLE_TESTABILITY = YES;
				GCC_C_LANGUAGE_STANDARD = gnu99;
				GCC_DYNAMIC_NO_PIC = NO;
				GCC_NO_COMMON_BLOCKS = YES;
				GCC_OPTIMIZATION_LEVEL = 0;
				GCC_PREPROCESSOR_DEFINITIONS = (
					"DEBUG=1",
					"$(inherited)",
				);
				GCC_WARN_64_TO_32_BIT_CONVERSION = YES;
				GCC_WARN_ABOUT_RETURN_TYPE = YES_ERROR;
				GCC_WARN_UNDECLARED_SELECTOR = YES;
				GCC_WARN_UNINITIALIZED_AUTOS = YES_AGGRESSIVE;
				GCC_WARN_UNUSED_FUNCTION = YES;
				GCC_WARN_UNUSED_VARIABLE = YES;
				IPHONEOS_DEPLOYMENT_TARGET = 9.1;
				MTL_ENABLE_DEBUG_INFO = YES;
				ONLY_ACTIVE_ARCH = YES;
				SDKROOT = iphoneos;
				SWIFT_OPTIMIZATION_LEVEL = "-Onone";
				TARGETED_DEVICE_FAMILY = "1,2";
			};
			name = Debug;
		};
		5404DA7C1C0D4FFB007D7E64 /* Release */ = {
			isa = XCBuildConfiguration;
			buildSettings = {
				ALWAYS_SEARCH_USER_PATHS = NO;
				CLANG_CXX_LANGUAGE_STANDARD = "gnu++0x";
				CLANG_CXX_LIBRARY = "libc++";
				CLANG_ENABLE_MODULES = YES;
				CLANG_ENABLE_OBJC_ARC = YES;
				CLANG_WARN_BOOL_CONVERSION = YES;
				CLANG_WARN_CONSTANT_CONVERSION = YES;
				CLANG_WARN_DIRECT_OBJC_ISA_USAGE = YES_ERROR;
				CLANG_WARN_EMPTY_BODY = YES;
				CLANG_WARN_ENUM_CONVERSION = YES;
				CLANG_WARN_INT_CONVERSION = YES;
				CLANG_WARN_OBJC_ROOT_CLASS = YES_ERROR;
				CLANG_WARN_UNREACHABLE_CODE = YES;
				CLANG_WARN__DUPLICATE_METHOD_MATCH = YES;
				"CODE_SIGN_IDENTITY[sdk=iphoneos*]" = "iPhone Developer";
				COPY_PHASE_STRIP = NO;
				DEBUG_INFORMATION_FORMAT = "dwarf-with-dsym";
				ENABLE_NS_ASSERTIONS = NO;
				ENABLE_STRICT_OBJC_MSGSEND = YES;
				GCC_C_LANGUAGE_STANDARD = gnu99;
				GCC_NO_COMMON_BLOCKS = YES;
				GCC_WARN_64_TO_32_BIT_CONVERSION = YES;
				GCC_WARN_ABOUT_RETURN_TYPE = YES_ERROR;
				GCC_WARN_UNDECLARED_SELECTOR = YES;
				GCC_WARN_UNINITIALIZED_AUTOS = YES_AGGRESSIVE;
				GCC_WARN_UNUSED_FUNCTION = YES;
				GCC_WARN_UNUSED_VARIABLE = YES;
				IPHONEOS_DEPLOYMENT_TARGET = 9.1;
				MTL_ENABLE_DEBUG_INFO = NO;
				SDKROOT = iphoneos;
				TARGETED_DEVICE_FAMILY = "1,2";
				VALIDATE_PRODUCT = YES;
			};
			name = Release;
		};
		5404DA7E1C0D4FFB007D7E64 /* Debug */ = {
			isa = XCBuildConfiguration;
			buildSettings = {
				ASSETCATALOG_COMPILER_APPICON_NAME = AppIcon;
				CODE_SIGN_IDENTITY = "iPhone Developer";
				CURRENT_PROJECT_VERSION = 0;
				FRAMEWORK_SEARCH_PATHS = (
					"$(inherited)",
					"$(PROJECT_DIR)",
				);
				INFOPLIST_FILE = lolstreaks/Info.plist;
				IPHONEOS_DEPLOYMENT_TARGET = 9.0;
				LD_RUNPATH_SEARCH_PATHS = "$(inherited) @executable_path/Frameworks";
				PRODUCT_BUNDLE_IDENTIFIER = com.swc.lolstreaks2016;
				PRODUCT_NAME = "$(TARGET_NAME)";
				TARGETED_DEVICE_FAMILY = 1;
			};
			name = Debug;
		};
		5404DA7F1C0D4FFB007D7E64 /* Release */ = {
			isa = XCBuildConfiguration;
			buildSettings = {
				ASSETCATALOG_COMPILER_APPICON_NAME = AppIcon;
				CODE_SIGN_IDENTITY = "iPhone Developer";
				CURRENT_PROJECT_VERSION = 0;
				FRAMEWORK_SEARCH_PATHS = (
					"$(inherited)",
					"$(PROJECT_DIR)",
				);
				INFOPLIST_FILE = lolstreaks/Info.plist;
				IPHONEOS_DEPLOYMENT_TARGET = 9.0;
				LD_RUNPATH_SEARCH_PATHS = "$(inherited) @executable_path/Frameworks";
				PRODUCT_BUNDLE_IDENTIFIER = com.swc.lolstreaks2016;
				PRODUCT_NAME = "$(TARGET_NAME)";
				TARGETED_DEVICE_FAMILY = 1;
			};
			name = Release;
		};
/* End XCBuildConfiguration section */

/* Begin XCConfigurationList section */
		5404DA661C0D4FFB007D7E64 /* Build configuration list for PBXProject "lolstreaks" */ = {
			isa = XCConfigurationList;
			buildConfigurations = (
				5404DA7B1C0D4FFB007D7E64 /* Debug */,
				5404DA7C1C0D4FFB007D7E64 /* Release */,
			);
			defaultConfigurationIsVisible = 0;
			defaultConfigurationName = Release;
		};
		5404DA7D1C0D4FFB007D7E64 /* Build configuration list for PBXNativeTarget "lolstreaks" */ = {
			isa = XCConfigurationList;
			buildConfigurations = (
				5404DA7E1C0D4FFB007D7E64 /* Debug */,
				5404DA7F1C0D4FFB007D7E64 /* Release */,
			);
			defaultConfigurationIsVisible = 0;
			defaultConfigurationName = Release;
		};
/* End XCConfigurationList section */
	};
	rootObject = 5404DA631C0D4FFB007D7E64 /* Project object */;
}
